
Microsoft Visual Studio Solution File, Format Version 12.00
# Visual Studio Version 17
VisualStudioVersion = 17.3.32922.545
MinimumVisualStudioVersion = 10.0.40219.1
Project("{9A19103F-16F7-4668-BE54-9A1E7A4F7556}") = "Arkenstone.Entities", "Arkenstone.Entities\Arkenstone.Entities.csproj", "{00F6A49E-CE95-4039-BBC9-CE48AF100AA2}"
EndProject
Project("{9A19103F-16F7-4668-BE54-9A1E7A4F7556}") = "Arkenstone.API", "Arkenstone.API\Arkenstone.API.csproj", "{81B7FB98-8B7B-4ADD-9CB7-0E197E2D037E}"
EndProject
Project("{9A19103F-16F7-4668-BE54-9A1E7A4F7556}") = "Arkenstone.Logic", "Arkenstone.Logic\Arkenstone.Logic.csproj", "{7637945B-EEBB-4B0B-B97B-EEF2471781AE}"
EndProject
Project("{2150E333-8FDC-42A3-9474-1A3956D46DE8}") = "Solution Items", "Solution Items", "{2ED77ADD-6E50-4BEB-A308-852E0FE4E273}"
	ProjectSection(SolutionItems) = preProject
		.editorconfig = .editorconfig
	EndProjectSection
EndProject
Global
	GlobalSection(SolutionConfigurationPlatforms) = preSolution
		Debug|Any CPU = Debug|Any CPU
		Release|Any CPU = Release|Any CPU
	EndGlobalSection
	GlobalSection(ProjectConfigurationPlatforms) = postSolution
		{00F6A49E-CE95-4039-BBC9-CE48AF100AA2}.Debug|Any CPU.ActiveCfg = Debug|Any CPU
		{00F6A49E-CE95-4039-BBC9-CE48AF100AA2}.Debug|Any CPU.Build.0 = Debug|Any CPU
		{00F6A49E-CE95-4039-BBC9-CE48AF100AA2}.Release|Any CPU.ActiveCfg = Release|Any CPU
		{00F6A49E-CE95-4039-BBC9-CE48AF100AA2}.Release|Any CPU.Build.0 = Release|Any CPU
		{81B7FB98-8B7B-4ADD-9CB7-0E197E2D037E}.Debug|Any CPU.ActiveCfg = Debug|Any CPU
		{81B7FB98-8B7B-4ADD-9CB7-0E197E2D037E}.Debug|Any CPU.Build.0 = Debug|Any CPU
		{81B7FB98-8B7B-4ADD-9CB7-0E197E2D037E}.Release|Any CPU.ActiveCfg = Release|Any CPU
		{81B7FB98-8B7B-4ADD-9CB7-0E197E2D037E}.Release|Any CPU.Build.0 = Release|Any CPU
		{7637945B-EEBB-4B0B-B97B-EEF2471781AE}.Debug|Any CPU.ActiveCfg = Debug|Any CPU
		{7637945B-EEBB-4B0B-B97B-EEF2471781AE}.Debug|Any CPU.Build.0 = Debug|Any CPU
		{7637945B-EEBB-4B0B-B97B-EEF2471781AE}.Release|Any CPU.ActiveCfg = Release|Any CPU
		{7637945B-EEBB-4B0B-B97B-EEF2471781AE}.Release|Any CPU.Build.0 = Release|Any CPU
	EndGlobalSection
	GlobalSection(SolutionProperties) = preSolution
		HideSolutionNode = FALSE
	EndGlobalSection
	GlobalSection(ExtensibilityGlobals) = postSolution
		SolutionGuid = {72C1656D-4CAD-4245-958A-A147F0039636}
	EndGlobalSection
EndGlobal
